
Microsoft Visual Studio Solution File, Format Version 12.00
# Visual Studio Version 16
VisualStudioVersion = 16.0.29519.87
MinimumVisualStudioVersion = 10.0.40219.1
Project("{2150E333-8FDC-42A3-9474-1A3956D46DE8}") = "03. Business", "03. Business", "{0A31B13F-4364-4444-BFEB-F57E20E7456E}"
EndProject
Project("{2150E333-8FDC-42A3-9474-1A3956D46DE8}") = "01. Presentation", "01. Presentation", "{D90B5B3B-D904-4A50-86CF-1F73E783E6C8}"
EndProject
Project("{2150E333-8FDC-42A3-9474-1A3956D46DE8}") = "04. DAL", "04. DAL", "{5205F388-24BD-45FA-9DA7-5D705B3033CC}"
EndProject
Project("{2150E333-8FDC-42A3-9474-1A3956D46DE8}") = "06. Shared", "06. Shared", "{65036C4D-D88F-4B5F-8384-5C6CEE66B3DC}"
EndProject
Project("{2150E333-8FDC-42A3-9474-1A3956D46DE8}") = "10. Others", "10. Others", "{C7E21394-64B0-40FC-ACBE-412D582861C1}"
EndProject
Project("{2150E333-8FDC-42A3-9474-1A3956D46DE8}") = "Docs", "Docs", "{D93A1EB6-28B7-44CB-B115-DEF0EFDCDC39}"
EndProject
Project("{2150E333-8FDC-42A3-9474-1A3956D46DE8}") = "SQL Scripts", "SQL Scripts", "{3327E251-B5A1-4115-A4AD-5147D59B04A9}"
EndProject
Project("{2150E333-8FDC-42A3-9474-1A3956D46DE8}") = "Stored Procedures", "Stored Procedures", "{3BE2CC24-63C9-4B37-8880-95385C5DFBD1}"
EndProject
Project("{2150E333-8FDC-42A3-9474-1A3956D46DE8}") = "05. Services", "05. Services", "{FA6C70B7-CC05-4679-8B9D-76B2660AFCA4}"
EndProject
Project("{FAE04EC0-301F-11D3-BF4B-00C04F79EFBC}") = "EHRS.Web.Shared", "EHRS.Web.Shared\EHRS.Web.Shared.csproj", "{E6AF7F82-C3BD-4BB0-A5A7-FA4A0252F73C}"
EndProject
Project("{FAE04EC0-301F-11D3-BF4B-00C04F79EFBC}") = "EHRS.WebAPI", "EHRS.WebAPI\EHRS.WebAPI.csproj", "{46AB9CA3-B0E5-4651-A096-355115A6AFAE}"
EndProject
Project("{FAE04EC0-301F-11D3-BF4B-00C04F79EFBC}") = "EHRS.WebAPI.Tests", "EHRS.WebAPI.Tests\EHRS.WebAPI.Tests.csproj", "{FF34BCD5-A05D-477A-9618-499EA94D9AAA}"
EndProject
Project("{FAE04EC0-301F-11D3-BF4B-00C04F79EFBC}") = "EHRS.Business", "EHRS.Business\EHRS.Business.csproj", "{EEF943A8-AE56-4E48-97EA-23EF825B8C8F}"
EndProject
Project("{FAE04EC0-301F-11D3-BF4B-00C04F79EFBC}") = "EHRS.Data", "EHRS.Data\EHRS.Data.csproj", "{D8A015EB-3CD1-4883-9462-5D81A5400110}"
EndProject
Project("{FAE04EC0-301F-11D3-BF4B-00C04F79EFBC}") = "EHRS.EntityDataModel", "EHRS.EntityDataModel\EHRS.EntityDataModel.csproj", "{4E487C85-D46E-46EA-ADF7-A4E5C0E30446}"
EndProject
Project("{FAE04EC0-301F-11D3-BF4B-00C04F79EFBC}") = "EHRS.DTOModel", "EHRS.DTOModel\EHRS.DTOModel.csproj", "{C8FAB759-65B1-45B1-93DB-5B8BAAF3D5B0}"
EndProject
Project("{FAE04EC0-301F-11D3-BF4B-00C04F79EFBC}") = "EHRS.Shared", "EHRS.Shared\EHRS.Shared.csproj", "{E5B35CB4-EFA3-4658-B321-825C5F28E1D5}"
EndProject
Project("{2150E333-8FDC-42A3-9474-1A3956D46DE8}") = "02. APIs", "02. APIs", "{5E0A642D-7EC1-4174-B203-2C9684FDDBB4}"
EndProject
Project("{FAE04EC0-301F-11D3-BF4B-00C04F79EFBC}") = "EHRS.IdentityServer", "EHRS.IdentityServer\EHRS.IdentityServer.csproj", "{F01838FE-E464-4E46-9ADB-C5A973F1DF4A}"
EndProject
Project("{00D1A9C2-B5F0-4AF3-8072-F6C62B433612}") = "EHRS.Database", "EHRS.Database\EHRS.Database.sqlproj", "{D785CBB3-A54E-474A-9B9D-E7212ECCF35A}"
EndProject
Global
	GlobalSection(SolutionConfigurationPlatforms) = preSolution
		Debug|Android = Debug|Android
		Debug|Any CPU = Debug|Any CPU
		Debug|iOS = Debug|iOS
		Debug|Windows Phone (Universal) = Debug|Windows Phone (Universal)
		Debug|Windows Phone 8 = Debug|Windows Phone 8
		Debug|Windows-AnyCPU = Debug|Windows-AnyCPU
		Debug|Windows-ARM = Debug|Windows-ARM
		Debug|Windows-x64 = Debug|Windows-x64
		Debug|Windows-x86 = Debug|Windows-x86
		Debug|x86 = Debug|x86
		Release|Android = Release|Android
		Release|Any CPU = Release|Any CPU
		Release|iOS = Release|iOS
		Release|Windows Phone (Universal) = Release|Windows Phone (Universal)
		Release|Windows Phone 8 = Release|Windows Phone 8
		Release|Windows-AnyCPU = Release|Windows-AnyCPU
		Release|Windows-ARM = Release|Windows-ARM
		Release|Windows-x64 = Release|Windows-x64
		Release|Windows-x86 = Release|Windows-x86
		Release|x86 = Release|x86
	EndGlobalSection
	GlobalSection(ProjectConfigurationPlatforms) = postSolution
		{E6AF7F82-C3BD-4BB0-A5A7-FA4A0252F73C}.Debug|Android.ActiveCfg = Debug|Any CPU
		{E6AF7F82-C3BD-4BB0-A5A7-FA4A0252F73C}.Debug|Android.Build.0 = Debug|Any CPU
		{E6AF7F82-C3BD-4BB0-A5A7-FA4A0252F73C}.Debug|Any CPU.ActiveCfg = Debug|Any CPU
		{E6AF7F82-C3BD-4BB0-A5A7-FA4A0252F73C}.Debug|Any CPU.Build.0 = Debug|Any CPU
		{E6AF7F82-C3BD-4BB0-A5A7-FA4A0252F73C}.Debug|iOS.ActiveCfg = Debug|Any CPU
		{E6AF7F82-C3BD-4BB0-A5A7-FA4A0252F73C}.Debug|iOS.Build.0 = Debug|Any CPU
		{E6AF7F82-C3BD-4BB0-A5A7-FA4A0252F73C}.Debug|Windows Phone (Universal).ActiveCfg = Debug|Any CPU
		{E6AF7F82-C3BD-4BB0-A5A7-FA4A0252F73C}.Debug|Windows Phone (Universal).Build.0 = Debug|Any CPU
		{E6AF7F82-C3BD-4BB0-A5A7-FA4A0252F73C}.Debug|Windows Phone 8.ActiveCfg = Debug|Any CPU
		{E6AF7F82-C3BD-4BB0-A5A7-FA4A0252F73C}.Debug|Windows Phone 8.Build.0 = Debug|Any CPU
		{E6AF7F82-C3BD-4BB0-A5A7-FA4A0252F73C}.Debug|Windows-AnyCPU.ActiveCfg = Debug|Any CPU
		{E6AF7F82-C3BD-4BB0-A5A7-FA4A0252F73C}.Debug|Windows-AnyCPU.Build.0 = Debug|Any CPU
		{E6AF7F82-C3BD-4BB0-A5A7-FA4A0252F73C}.Debug|Windows-ARM.ActiveCfg = Debug|Any CPU
		{E6AF7F82-C3BD-4BB0-A5A7-FA4A0252F73C}.Debug|Windows-ARM.Build.0 = Debug|Any CPU
		{E6AF7F82-C3BD-4BB0-A5A7-FA4A0252F73C}.Debug|Windows-x64.ActiveCfg = Debug|Any CPU
		{E6AF7F82-C3BD-4BB0-A5A7-FA4A0252F73C}.Debug|Windows-x64.Build.0 = Debug|Any CPU
		{E6AF7F82-C3BD-4BB0-A5A7-FA4A0252F73C}.Debug|Windows-x86.ActiveCfg = Debug|Any CPU
		{E6AF7F82-C3BD-4BB0-A5A7-FA4A0252F73C}.Debug|Windows-x86.Build.0 = Debug|Any CPU
		{E6AF7F82-C3BD-4BB0-A5A7-FA4A0252F73C}.Debug|x86.ActiveCfg = Debug|Any CPU
		{E6AF7F82-C3BD-4BB0-A5A7-FA4A0252F73C}.Debug|x86.Build.0 = Debug|Any CPU
		{E6AF7F82-C3BD-4BB0-A5A7-FA4A0252F73C}.Release|Android.ActiveCfg = Release|Any CPU
		{E6AF7F82-C3BD-4BB0-A5A7-FA4A0252F73C}.Release|Android.Build.0 = Release|Any CPU
		{E6AF7F82-C3BD-4BB0-A5A7-FA4A0252F73C}.Release|Any CPU.ActiveCfg = Release|Any CPU
		{E6AF7F82-C3BD-4BB0-A5A7-FA4A0252F73C}.Release|Any CPU.Build.0 = Release|Any CPU
		{E6AF7F82-C3BD-4BB0-A5A7-FA4A0252F73C}.Release|iOS.ActiveCfg = Release|Any CPU
		{E6AF7F82-C3BD-4BB0-A5A7-FA4A0252F73C}.Release|iOS.Build.0 = Release|Any CPU
		{E6AF7F82-C3BD-4BB0-A5A7-FA4A0252F73C}.Release|Windows Phone (Universal).ActiveCfg = Release|Any CPU
		{E6AF7F82-C3BD-4BB0-A5A7-FA4A0252F73C}.Release|Windows Phone (Universal).Build.0 = Release|Any CPU
		{E6AF7F82-C3BD-4BB0-A5A7-FA4A0252F73C}.Release|Windows Phone 8.ActiveCfg = Release|Any CPU
		{E6AF7F82-C3BD-4BB0-A5A7-FA4A0252F73C}.Release|Windows Phone 8.Build.0 = Release|Any CPU
		{E6AF7F82-C3BD-4BB0-A5A7-FA4A0252F73C}.Release|Windows-AnyCPU.ActiveCfg = Release|Any CPU
		{E6AF7F82-C3BD-4BB0-A5A7-FA4A0252F73C}.Release|Windows-AnyCPU.Build.0 = Release|Any CPU
		{E6AF7F82-C3BD-4BB0-A5A7-FA4A0252F73C}.Release|Windows-ARM.ActiveCfg = Release|Any CPU
		{E6AF7F82-C3BD-4BB0-A5A7-FA4A0252F73C}.Release|Windows-ARM.Build.0 = Release|Any CPU
		{E6AF7F82-C3BD-4BB0-A5A7-FA4A0252F73C}.Release|Windows-x64.ActiveCfg = Release|Any CPU
		{E6AF7F82-C3BD-4BB0-A5A7-FA4A0252F73C}.Release|Windows-x64.Build.0 = Release|Any CPU
		{E6AF7F82-C3BD-4BB0-A5A7-FA4A0252F73C}.Release|Windows-x86.ActiveCfg = Release|Any CPU
		{E6AF7F82-C3BD-4BB0-A5A7-FA4A0252F73C}.Release|Windows-x86.Build.0 = Release|Any CPU
		{E6AF7F82-C3BD-4BB0-A5A7-FA4A0252F73C}.Release|x86.ActiveCfg = Release|Any CPU
		{E6AF7F82-C3BD-4BB0-A5A7-FA4A0252F73C}.Release|x86.Build.0 = Release|Any CPU
		{46AB9CA3-B0E5-4651-A096-355115A6AFAE}.Debug|Android.ActiveCfg = Debug|Any CPU
		{46AB9CA3-B0E5-4651-A096-355115A6AFAE}.Debug|Android.Build.0 = Debug|Any CPU
		{46AB9CA3-B0E5-4651-A096-355115A6AFAE}.Debug|Any CPU.ActiveCfg = Debug|Any CPU
		{46AB9CA3-B0E5-4651-A096-355115A6AFAE}.Debug|Any CPU.Build.0 = Debug|Any CPU
		{46AB9CA3-B0E5-4651-A096-355115A6AFAE}.Debug|iOS.ActiveCfg = Debug|Any CPU
		{46AB9CA3-B0E5-4651-A096-355115A6AFAE}.Debug|iOS.Build.0 = Debug|Any CPU
		{46AB9CA3-B0E5-4651-A096-355115A6AFAE}.Debug|Windows Phone (Universal).ActiveCfg = Debug|Any CPU
		{46AB9CA3-B0E5-4651-A096-355115A6AFAE}.Debug|Windows Phone (Universal).Build.0 = Debug|Any CPU
		{46AB9CA3-B0E5-4651-A096-355115A6AFAE}.Debug|Windows Phone 8.ActiveCfg = Debug|Any CPU
		{46AB9CA3-B0E5-4651-A096-355115A6AFAE}.Debug|Windows Phone 8.Build.0 = Debug|Any CPU
		{46AB9CA3-B0E5-4651-A096-355115A6AFAE}.Debug|Windows-AnyCPU.ActiveCfg = Debug|Any CPU
		{46AB9CA3-B0E5-4651-A096-355115A6AFAE}.Debug|Windows-AnyCPU.Build.0 = Debug|Any CPU
		{46AB9CA3-B0E5-4651-A096-355115A6AFAE}.Debug|Windows-ARM.ActiveCfg = Debug|Any CPU
		{46AB9CA3-B0E5-4651-A096-355115A6AFAE}.Debug|Windows-ARM.Build.0 = Debug|Any CPU
		{46AB9CA3-B0E5-4651-A096-355115A6AFAE}.Debug|Windows-x64.ActiveCfg = Debug|Any CPU
		{46AB9CA3-B0E5-4651-A096-355115A6AFAE}.Debug|Windows-x64.Build.0 = Debug|Any CPU
		{46AB9CA3-B0E5-4651-A096-355115A6AFAE}.Debug|Windows-x86.ActiveCfg = Debug|Any CPU
		{46AB9CA3-B0E5-4651-A096-355115A6AFAE}.Debug|Windows-x86.Build.0 = Debug|Any CPU
		{46AB9CA3-B0E5-4651-A096-355115A6AFAE}.Debug|x86.ActiveCfg = Debug|Any CPU
		{46AB9CA3-B0E5-4651-A096-355115A6AFAE}.Debug|x86.Build.0 = Debug|Any CPU
		{46AB9CA3-B0E5-4651-A096-355115A6AFAE}.Release|Android.ActiveCfg = Release|Any CPU
		{46AB9CA3-B0E5-4651-A096-355115A6AFAE}.Release|Android.Build.0 = Release|Any CPU
		{46AB9CA3-B0E5-4651-A096-355115A6AFAE}.Release|Any CPU.ActiveCfg = Release|Any CPU
		{46AB9CA3-B0E5-4651-A096-355115A6AFAE}.Release|Any CPU.Build.0 = Release|Any CPU
		{46AB9CA3-B0E5-4651-A096-355115A6AFAE}.Release|iOS.ActiveCfg = Release|Any CPU
		{46AB9CA3-B0E5-4651-A096-355115A6AFAE}.Release|iOS.Build.0 = Release|Any CPU
		{46AB9CA3-B0E5-4651-A096-355115A6AFAE}.Release|Windows Phone (Universal).ActiveCfg = Release|Any CPU
		{46AB9CA3-B0E5-4651-A096-355115A6AFAE}.Release|Windows Phone (Universal).Build.0 = Release|Any CPU
		{46AB9CA3-B0E5-4651-A096-355115A6AFAE}.Release|Windows Phone 8.ActiveCfg = Release|Any CPU
		{46AB9CA3-B0E5-4651-A096-355115A6AFAE}.Release|Windows Phone 8.Build.0 = Release|Any CPU
		{46AB9CA3-B0E5-4651-A096-355115A6AFAE}.Release|Windows-AnyCPU.ActiveCfg = Release|Any CPU
		{46AB9CA3-B0E5-4651-A096-355115A6AFAE}.Release|Windows-AnyCPU.Build.0 = Release|Any CPU
		{46AB9CA3-B0E5-4651-A096-355115A6AFAE}.Release|Windows-ARM.ActiveCfg = Release|Any CPU
		{46AB9CA3-B0E5-4651-A096-355115A6AFAE}.Release|Windows-ARM.Build.0 = Release|Any CPU
		{46AB9CA3-B0E5-4651-A096-355115A6AFAE}.Release|Windows-x64.ActiveCfg = Release|Any CPU
		{46AB9CA3-B0E5-4651-A096-355115A6AFAE}.Release|Windows-x64.Build.0 = Release|Any CPU
		{46AB9CA3-B0E5-4651-A096-355115A6AFAE}.Release|Windows-x86.ActiveCfg = Release|Any CPU
		{46AB9CA3-B0E5-4651-A096-355115A6AFAE}.Release|Windows-x86.Build.0 = Release|Any CPU
		{46AB9CA3-B0E5-4651-A096-355115A6AFAE}.Release|x86.ActiveCfg = Release|Any CPU
		{46AB9CA3-B0E5-4651-A096-355115A6AFAE}.Release|x86.Build.0 = Release|Any CPU
		{FF34BCD5-A05D-477A-9618-499EA94D9AAA}.Debug|Android.ActiveCfg = Debug|Any CPU
		{FF34BCD5-A05D-477A-9618-499EA94D9AAA}.Debug|Android.Build.0 = Debug|Any CPU
		{FF34BCD5-A05D-477A-9618-499EA94D9AAA}.Debug|Any CPU.ActiveCfg = Debug|Any CPU
		{FF34BCD5-A05D-477A-9618-499EA94D9AAA}.Debug|Any CPU.Build.0 = Debug|Any CPU
		{FF34BCD5-A05D-477A-9618-499EA94D9AAA}.Debug|iOS.ActiveCfg = Debug|Any CPU
		{FF34BCD5-A05D-477A-9618-499EA94D9AAA}.Debug|iOS.Build.0 = Debug|Any CPU
		{FF34BCD5-A05D-477A-9618-499EA94D9AAA}.Debug|Windows Phone (Universal).ActiveCfg = Debug|Any CPU
		{FF34BCD5-A05D-477A-9618-499EA94D9AAA}.Debug|Windows Phone (Universal).Build.0 = Debug|Any CPU
		{FF34BCD5-A05D-477A-9618-499EA94D9AAA}.Debug|Windows Phone 8.ActiveCfg = Debug|Any CPU
		{FF34BCD5-A05D-477A-9618-499EA94D9AAA}.Debug|Windows Phone 8.Build.0 = Debug|Any CPU
		{FF34BCD5-A05D-477A-9618-499EA94D9AAA}.Debug|Windows-AnyCPU.ActiveCfg = Debug|Any CPU
		{FF34BCD5-A05D-477A-9618-499EA94D9AAA}.Debug|Windows-AnyCPU.Build.0 = Debug|Any CPU
		{FF34BCD5-A05D-477A-9618-499EA94D9AAA}.Debug|Windows-ARM.ActiveCfg = Debug|Any CPU
		{FF34BCD5-A05D-477A-9618-499EA94D9AAA}.Debug|Windows-ARM.Build.0 = Debug|Any CPU
		{FF34BCD5-A05D-477A-9618-499EA94D9AAA}.Debug|Windows-x64.ActiveCfg = Debug|Any CPU
		{FF34BCD5-A05D-477A-9618-499EA94D9AAA}.Debug|Windows-x64.Build.0 = Debug|Any CPU
		{FF34BCD5-A05D-477A-9618-499EA94D9AAA}.Debug|Windows-x86.ActiveCfg = Debug|Any CPU
		{FF34BCD5-A05D-477A-9618-499EA94D9AAA}.Debug|Windows-x86.Build.0 = Debug|Any CPU
		{FF34BCD5-A05D-477A-9618-499EA94D9AAA}.Debug|x86.ActiveCfg = Debug|Any CPU
		{FF34BCD5-A05D-477A-9618-499EA94D9AAA}.Debug|x86.Build.0 = Debug|Any CPU
		{FF34BCD5-A05D-477A-9618-499EA94D9AAA}.Release|Android.ActiveCfg = Release|Any CPU
		{FF34BCD5-A05D-477A-9618-499EA94D9AAA}.Release|Android.Build.0 = Release|Any CPU
		{FF34BCD5-A05D-477A-9618-499EA94D9AAA}.Release|Any CPU.ActiveCfg = Release|Any CPU
		{FF34BCD5-A05D-477A-9618-499EA94D9AAA}.Release|Any CPU.Build.0 = Release|Any CPU
		{FF34BCD5-A05D-477A-9618-499EA94D9AAA}.Release|iOS.ActiveCfg = Release|Any CPU
		{FF34BCD5-A05D-477A-9618-499EA94D9AAA}.Release|iOS.Build.0 = Release|Any CPU
		{FF34BCD5-A05D-477A-9618-499EA94D9AAA}.Release|Windows Phone (Universal).ActiveCfg = Release|Any CPU
		{FF34BCD5-A05D-477A-9618-499EA94D9AAA}.Release|Windows Phone (Universal).Build.0 = Release|Any CPU
		{FF34BCD5-A05D-477A-9618-499EA94D9AAA}.Release|Windows Phone 8.ActiveCfg = Release|Any CPU
		{FF34BCD5-A05D-477A-9618-499EA94D9AAA}.Release|Windows Phone 8.Build.0 = Release|Any CPU
		{FF34BCD5-A05D-477A-9618-499EA94D9AAA}.Release|Windows-AnyCPU.ActiveCfg = Release|Any CPU
		{FF34BCD5-A05D-477A-9618-499EA94D9AAA}.Release|Windows-AnyCPU.Build.0 = Release|Any CPU
		{FF34BCD5-A05D-477A-9618-499EA94D9AAA}.Release|Windows-ARM.ActiveCfg = Release|Any CPU
		{FF34BCD5-A05D-477A-9618-499EA94D9AAA}.Release|Windows-ARM.Build.0 = Release|Any CPU
		{FF34BCD5-A05D-477A-9618-499EA94D9AAA}.Release|Windows-x64.ActiveCfg = Release|Any CPU
		{FF34BCD5-A05D-477A-9618-499EA94D9AAA}.Release|Windows-x64.Build.0 = Release|Any CPU
		{FF34BCD5-A05D-477A-9618-499EA94D9AAA}.Release|Windows-x86.ActiveCfg = Release|Any CPU
		{FF34BCD5-A05D-477A-9618-499EA94D9AAA}.Release|Windows-x86.Build.0 = Release|Any CPU
		{FF34BCD5-A05D-477A-9618-499EA94D9AAA}.Release|x86.ActiveCfg = Release|Any CPU
		{FF34BCD5-A05D-477A-9618-499EA94D9AAA}.Release|x86.Build.0 = Release|Any CPU
		{EEF943A8-AE56-4E48-97EA-23EF825B8C8F}.Debug|Android.ActiveCfg = Debug|Any CPU
		{EEF943A8-AE56-4E48-97EA-23EF825B8C8F}.Debug|Android.Build.0 = Debug|Any CPU
		{EEF943A8-AE56-4E48-97EA-23EF825B8C8F}.Debug|Any CPU.ActiveCfg = Debug|Any CPU
		{EEF943A8-AE56-4E48-97EA-23EF825B8C8F}.Debug|Any CPU.Build.0 = Debug|Any CPU
		{EEF943A8-AE56-4E48-97EA-23EF825B8C8F}.Debug|iOS.ActiveCfg = Debug|Any CPU
		{EEF943A8-AE56-4E48-97EA-23EF825B8C8F}.Debug|iOS.Build.0 = Debug|Any CPU
		{EEF943A8-AE56-4E48-97EA-23EF825B8C8F}.Debug|Windows Phone (Universal).ActiveCfg = Debug|Any CPU
		{EEF943A8-AE56-4E48-97EA-23EF825B8C8F}.Debug|Windows Phone (Universal).Build.0 = Debug|Any CPU
		{EEF943A8-AE56-4E48-97EA-23EF825B8C8F}.Debug|Windows Phone 8.ActiveCfg = Debug|Any CPU
		{EEF943A8-AE56-4E48-97EA-23EF825B8C8F}.Debug|Windows Phone 8.Build.0 = Debug|Any CPU
		{EEF943A8-AE56-4E48-97EA-23EF825B8C8F}.Debug|Windows-AnyCPU.ActiveCfg = Debug|Any CPU
		{EEF943A8-AE56-4E48-97EA-23EF825B8C8F}.Debug|Windows-AnyCPU.Build.0 = Debug|Any CPU
		{EEF943A8-AE56-4E48-97EA-23EF825B8C8F}.Debug|Windows-ARM.ActiveCfg = Debug|Any CPU
		{EEF943A8-AE56-4E48-97EA-23EF825B8C8F}.Debug|Windows-ARM.Build.0 = Debug|Any CPU
		{EEF943A8-AE56-4E48-97EA-23EF825B8C8F}.Debug|Windows-x64.ActiveCfg = Debug|Any CPU
		{EEF943A8-AE56-4E48-97EA-23EF825B8C8F}.Debug|Windows-x64.Build.0 = Debug|Any CPU
		{EEF943A8-AE56-4E48-97EA-23EF825B8C8F}.Debug|Windows-x86.ActiveCfg = Debug|Any CPU
		{EEF943A8-AE56-4E48-97EA-23EF825B8C8F}.Debug|Windows-x86.Build.0 = Debug|Any CPU
		{EEF943A8-AE56-4E48-97EA-23EF825B8C8F}.Debug|x86.ActiveCfg = Debug|Any CPU
		{EEF943A8-AE56-4E48-97EA-23EF825B8C8F}.Debug|x86.Build.0 = Debug|Any CPU
		{EEF943A8-AE56-4E48-97EA-23EF825B8C8F}.Release|Android.ActiveCfg = Release|Any CPU
		{EEF943A8-AE56-4E48-97EA-23EF825B8C8F}.Release|Android.Build.0 = Release|Any CPU
		{EEF943A8-AE56-4E48-97EA-23EF825B8C8F}.Release|Any CPU.ActiveCfg = Release|Any CPU
		{EEF943A8-AE56-4E48-97EA-23EF825B8C8F}.Release|Any CPU.Build.0 = Release|Any CPU
		{EEF943A8-AE56-4E48-97EA-23EF825B8C8F}.Release|iOS.ActiveCfg = Release|Any CPU
		{EEF943A8-AE56-4E48-97EA-23EF825B8C8F}.Release|iOS.Build.0 = Release|Any CPU
		{EEF943A8-AE56-4E48-97EA-23EF825B8C8F}.Release|Windows Phone (Universal).ActiveCfg = Release|Any CPU
		{EEF943A8-AE56-4E48-97EA-23EF825B8C8F}.Release|Windows Phone (Universal).Build.0 = Release|Any CPU
		{EEF943A8-AE56-4E48-97EA-23EF825B8C8F}.Release|Windows Phone 8.ActiveCfg = Release|Any CPU
		{EEF943A8-AE56-4E48-97EA-23EF825B8C8F}.Release|Windows Phone 8.Build.0 = Release|Any CPU
		{EEF943A8-AE56-4E48-97EA-23EF825B8C8F}.Release|Windows-AnyCPU.ActiveCfg = Release|Any CPU
		{EEF943A8-AE56-4E48-97EA-23EF825B8C8F}.Release|Windows-AnyCPU.Build.0 = Release|Any CPU
		{EEF943A8-AE56-4E48-97EA-23EF825B8C8F}.Release|Windows-ARM.ActiveCfg = Release|Any CPU
		{EEF943A8-AE56-4E48-97EA-23EF825B8C8F}.Release|Windows-ARM.Build.0 = Release|Any CPU
		{EEF943A8-AE56-4E48-97EA-23EF825B8C8F}.Release|Windows-x64.ActiveCfg = Release|Any CPU
		{EEF943A8-AE56-4E48-97EA-23EF825B8C8F}.Release|Windows-x64.Build.0 = Release|Any CPU
		{EEF943A8-AE56-4E48-97EA-23EF825B8C8F}.Release|Windows-x86.ActiveCfg = Release|Any CPU
		{EEF943A8-AE56-4E48-97EA-23EF825B8C8F}.Release|Windows-x86.Build.0 = Release|Any CPU
		{EEF943A8-AE56-4E48-97EA-23EF825B8C8F}.Release|x86.ActiveCfg = Release|Any CPU
		{EEF943A8-AE56-4E48-97EA-23EF825B8C8F}.Release|x86.Build.0 = Release|Any CPU
		{D8A015EB-3CD1-4883-9462-5D81A5400110}.Debug|Android.ActiveCfg = Debug|Any CPU
		{D8A015EB-3CD1-4883-9462-5D81A5400110}.Debug|Android.Build.0 = Debug|Any CPU
		{D8A015EB-3CD1-4883-9462-5D81A5400110}.Debug|Any CPU.ActiveCfg = Debug|Any CPU
		{D8A015EB-3CD1-4883-9462-5D81A5400110}.Debug|Any CPU.Build.0 = Debug|Any CPU
		{D8A015EB-3CD1-4883-9462-5D81A5400110}.Debug|iOS.ActiveCfg = Debug|Any CPU
		{D8A015EB-3CD1-4883-9462-5D81A5400110}.Debug|iOS.Build.0 = Debug|Any CPU
		{D8A015EB-3CD1-4883-9462-5D81A5400110}.Debug|Windows Phone (Universal).ActiveCfg = Debug|Any CPU
		{D8A015EB-3CD1-4883-9462-5D81A5400110}.Debug|Windows Phone (Universal).Build.0 = Debug|Any CPU
		{D8A015EB-3CD1-4883-9462-5D81A5400110}.Debug|Windows Phone 8.ActiveCfg = Debug|Any CPU
		{D8A015EB-3CD1-4883-9462-5D81A5400110}.Debug|Windows Phone 8.Build.0 = Debug|Any CPU
		{D8A015EB-3CD1-4883-9462-5D81A5400110}.Debug|Windows-AnyCPU.ActiveCfg = Debug|Any CPU
		{D8A015EB-3CD1-4883-9462-5D81A5400110}.Debug|Windows-AnyCPU.Build.0 = Debug|Any CPU
		{D8A015EB-3CD1-4883-9462-5D81A5400110}.Debug|Windows-ARM.ActiveCfg = Debug|Any CPU
		{D8A015EB-3CD1-4883-9462-5D81A5400110}.Debug|Windows-ARM.Build.0 = Debug|Any CPU
		{D8A015EB-3CD1-4883-9462-5D81A5400110}.Debug|Windows-x64.ActiveCfg = Debug|Any CPU
		{D8A015EB-3CD1-4883-9462-5D81A5400110}.Debug|Windows-x64.Build.0 = Debug|Any CPU
		{D8A015EB-3CD1-4883-9462-5D81A5400110}.Debug|Windows-x86.ActiveCfg = Debug|Any CPU
		{D8A015EB-3CD1-4883-9462-5D81A5400110}.Debug|Windows-x86.Build.0 = Debug|Any CPU
		{D8A015EB-3CD1-4883-9462-5D81A5400110}.Debug|x86.ActiveCfg = Debug|Any CPU
		{D8A015EB-3CD1-4883-9462-5D81A5400110}.Debug|x86.Build.0 = Debug|Any CPU
		{D8A015EB-3CD1-4883-9462-5D81A5400110}.Release|Android.ActiveCfg = Release|Any CPU
		{D8A015EB-3CD1-4883-9462-5D81A5400110}.Release|Android.Build.0 = Release|Any CPU
		{D8A015EB-3CD1-4883-9462-5D81A5400110}.Release|Any CPU.ActiveCfg = Release|Any CPU
		{D8A015EB-3CD1-4883-9462-5D81A5400110}.Release|Any CPU.Build.0 = Release|Any CPU
		{D8A015EB-3CD1-4883-9462-5D81A5400110}.Release|iOS.ActiveCfg = Release|Any CPU
		{D8A015EB-3CD1-4883-9462-5D81A5400110}.Release|iOS.Build.0 = Release|Any CPU
		{D8A015EB-3CD1-4883-9462-5D81A5400110}.Release|Windows Phone (Universal).ActiveCfg = Release|Any CPU
		{D8A015EB-3CD1-4883-9462-5D81A5400110}.Release|Windows Phone (Universal).Build.0 = Release|Any CPU
		{D8A015EB-3CD1-4883-9462-5D81A5400110}.Release|Windows Phone 8.ActiveCfg = Release|Any CPU
		{D8A015EB-3CD1-4883-9462-5D81A5400110}.Release|Windows Phone 8.Build.0 = Release|Any CPU
		{D8A015EB-3CD1-4883-9462-5D81A5400110}.Release|Windows-AnyCPU.ActiveCfg = Release|Any CPU
		{D8A015EB-3CD1-4883-9462-5D81A5400110}.Release|Windows-AnyCPU.Build.0 = Release|Any CPU
		{D8A015EB-3CD1-4883-9462-5D81A5400110}.Release|Windows-ARM.ActiveCfg = Release|Any CPU
		{D8A015EB-3CD1-4883-9462-5D81A5400110}.Release|Windows-ARM.Build.0 = Release|Any CPU
		{D8A015EB-3CD1-4883-9462-5D81A5400110}.Release|Windows-x64.ActiveCfg = Release|Any CPU
		{D8A015EB-3CD1-4883-9462-5D81A5400110}.Release|Windows-x64.Build.0 = Release|Any CPU
		{D8A015EB-3CD1-4883-9462-5D81A5400110}.Release|Windows-x86.ActiveCfg = Release|Any CPU
		{D8A015EB-3CD1-4883-9462-5D81A5400110}.Release|Windows-x86.Build.0 = Release|Any CPU
		{D8A015EB-3CD1-4883-9462-5D81A5400110}.Release|x86.ActiveCfg = Release|Any CPU
		{D8A015EB-3CD1-4883-9462-5D81A5400110}.Release|x86.Build.0 = Release|Any CPU
		{4E487C85-D46E-46EA-ADF7-A4E5C0E30446}.Debug|Android.ActiveCfg = Debug|Any CPU
		{4E487C85-D46E-46EA-ADF7-A4E5C0E30446}.Debug|Android.Build.0 = Debug|Any CPU
		{4E487C85-D46E-46EA-ADF7-A4E5C0E30446}.Debug|Any CPU.ActiveCfg = Debug|Any CPU
		{4E487C85-D46E-46EA-ADF7-A4E5C0E30446}.Debug|Any CPU.Build.0 = Debug|Any CPU
		{4E487C85-D46E-46EA-ADF7-A4E5C0E30446}.Debug|iOS.ActiveCfg = Debug|Any CPU
		{4E487C85-D46E-46EA-ADF7-A4E5C0E30446}.Debug|iOS.Build.0 = Debug|Any CPU
		{4E487C85-D46E-46EA-ADF7-A4E5C0E30446}.Debug|Windows Phone (Universal).ActiveCfg = Debug|Any CPU
		{4E487C85-D46E-46EA-ADF7-A4E5C0E30446}.Debug|Windows Phone (Universal).Build.0 = Debug|Any CPU
		{4E487C85-D46E-46EA-ADF7-A4E5C0E30446}.Debug|Windows Phone 8.ActiveCfg = Debug|Any CPU
		{4E487C85-D46E-46EA-ADF7-A4E5C0E30446}.Debug|Windows Phone 8.Build.0 = Debug|Any CPU
		{4E487C85-D46E-46EA-ADF7-A4E5C0E30446}.Debug|Windows-AnyCPU.ActiveCfg = Debug|Any CPU
		{4E487C85-D46E-46EA-ADF7-A4E5C0E30446}.Debug|Windows-AnyCPU.Build.0 = Debug|Any CPU
		{4E487C85-D46E-46EA-ADF7-A4E5C0E30446}.Debug|Windows-ARM.ActiveCfg = Debug|Any CPU
		{4E487C85-D46E-46EA-ADF7-A4E5C0E30446}.Debug|Windows-ARM.Build.0 = Debug|Any CPU
		{4E487C85-D46E-46EA-ADF7-A4E5C0E30446}.Debug|Windows-x64.ActiveCfg = Debug|Any CPU
		{4E487C85-D46E-46EA-ADF7-A4E5C0E30446}.Debug|Windows-x64.Build.0 = Debug|Any CPU
		{4E487C85-D46E-46EA-ADF7-A4E5C0E30446}.Debug|Windows-x86.ActiveCfg = Debug|Any CPU
		{4E487C85-D46E-46EA-ADF7-A4E5C0E30446}.Debug|Windows-x86.Build.0 = Debug|Any CPU
		{4E487C85-D46E-46EA-ADF7-A4E5C0E30446}.Debug|x86.ActiveCfg = Debug|Any CPU
		{4E487C85-D46E-46EA-ADF7-A4E5C0E30446}.Debug|x86.Build.0 = Debug|Any CPU
		{4E487C85-D46E-46EA-ADF7-A4E5C0E30446}.Release|Android.ActiveCfg = Release|Any CPU
		{4E487C85-D46E-46EA-ADF7-A4E5C0E30446}.Release|Android.Build.0 = Release|Any CPU
		{4E487C85-D46E-46EA-ADF7-A4E5C0E30446}.Release|Any CPU.ActiveCfg = Release|Any CPU
		{4E487C85-D46E-46EA-ADF7-A4E5C0E30446}.Release|Any CPU.Build.0 = Release|Any CPU
		{4E487C85-D46E-46EA-ADF7-A4E5C0E30446}.Release|iOS.ActiveCfg = Release|Any CPU
		{4E487C85-D46E-46EA-ADF7-A4E5C0E30446}.Release|iOS.Build.0 = Release|Any CPU
		{4E487C85-D46E-46EA-ADF7-A4E5C0E30446}.Release|Windows Phone (Universal).ActiveCfg = Release|Any CPU
		{4E487C85-D46E-46EA-ADF7-A4E5C0E30446}.Release|Windows Phone (Universal).Build.0 = Release|Any CPU
		{4E487C85-D46E-46EA-ADF7-A4E5C0E30446}.Release|Windows Phone 8.ActiveCfg = Release|Any CPU
		{4E487C85-D46E-46EA-ADF7-A4E5C0E30446}.Release|Windows Phone 8.Build.0 = Release|Any CPU
		{4E487C85-D46E-46EA-ADF7-A4E5C0E30446}.Release|Windows-AnyCPU.ActiveCfg = Release|Any CPU
		{4E487C85-D46E-46EA-ADF7-A4E5C0E30446}.Release|Windows-AnyCPU.Build.0 = Release|Any CPU
		{4E487C85-D46E-46EA-ADF7-A4E5C0E30446}.Release|Windows-ARM.ActiveCfg = Release|Any CPU
		{4E487C85-D46E-46EA-ADF7-A4E5C0E30446}.Release|Windows-ARM.Build.0 = Release|Any CPU
		{4E487C85-D46E-46EA-ADF7-A4E5C0E30446}.Release|Windows-x64.ActiveCfg = Release|Any CPU
		{4E487C85-D46E-46EA-ADF7-A4E5C0E30446}.Release|Windows-x64.Build.0 = Release|Any CPU
		{4E487C85-D46E-46EA-ADF7-A4E5C0E30446}.Release|Windows-x86.ActiveCfg = Release|Any CPU
		{4E487C85-D46E-46EA-ADF7-A4E5C0E30446}.Release|Windows-x86.Build.0 = Release|Any CPU
		{4E487C85-D46E-46EA-ADF7-A4E5C0E30446}.Release|x86.ActiveCfg = Release|Any CPU
		{4E487C85-D46E-46EA-ADF7-A4E5C0E30446}.Release|x86.Build.0 = Release|Any CPU
		{C8FAB759-65B1-45B1-93DB-5B8BAAF3D5B0}.Debug|Android.ActiveCfg = Debug|Any CPU
		{C8FAB759-65B1-45B1-93DB-5B8BAAF3D5B0}.Debug|Android.Build.0 = Debug|Any CPU
		{C8FAB759-65B1-45B1-93DB-5B8BAAF3D5B0}.Debug|Any CPU.ActiveCfg = Debug|Any CPU
		{C8FAB759-65B1-45B1-93DB-5B8BAAF3D5B0}.Debug|Any CPU.Build.0 = Debug|Any CPU
		{C8FAB759-65B1-45B1-93DB-5B8BAAF3D5B0}.Debug|iOS.ActiveCfg = Debug|Any CPU
		{C8FAB759-65B1-45B1-93DB-5B8BAAF3D5B0}.Debug|iOS.Build.0 = Debug|Any CPU
		{C8FAB759-65B1-45B1-93DB-5B8BAAF3D5B0}.Debug|Windows Phone (Universal).ActiveCfg = Debug|Any CPU
		{C8FAB759-65B1-45B1-93DB-5B8BAAF3D5B0}.Debug|Windows Phone (Universal).Build.0 = Debug|Any CPU
		{C8FAB759-65B1-45B1-93DB-5B8BAAF3D5B0}.Debug|Windows Phone 8.ActiveCfg = Debug|Any CPU
		{C8FAB759-65B1-45B1-93DB-5B8BAAF3D5B0}.Debug|Windows Phone 8.Build.0 = Debug|Any CPU
		{C8FAB759-65B1-45B1-93DB-5B8BAAF3D5B0}.Debug|Windows-AnyCPU.ActiveCfg = Debug|Any CPU
		{C8FAB759-65B1-45B1-93DB-5B8BAAF3D5B0}.Debug|Windows-AnyCPU.Build.0 = Debug|Any CPU
		{C8FAB759-65B1-45B1-93DB-5B8BAAF3D5B0}.Debug|Windows-ARM.ActiveCfg = Debug|Any CPU
		{C8FAB759-65B1-45B1-93DB-5B8BAAF3D5B0}.Debug|Windows-ARM.Build.0 = Debug|Any CPU
		{C8FAB759-65B1-45B1-93DB-5B8BAAF3D5B0}.Debug|Windows-x64.ActiveCfg = Debug|Any CPU
		{C8FAB759-65B1-45B1-93DB-5B8BAAF3D5B0}.Debug|Windows-x64.Build.0 = Debug|Any CPU
		{C8FAB759-65B1-45B1-93DB-5B8BAAF3D5B0}.Debug|Windows-x86.ActiveCfg = Debug|Any CPU
		{C8FAB759-65B1-45B1-93DB-5B8BAAF3D5B0}.Debug|Windows-x86.Build.0 = Debug|Any CPU
		{C8FAB759-65B1-45B1-93DB-5B8BAAF3D5B0}.Debug|x86.ActiveCfg = Debug|Any CPU
		{C8FAB759-65B1-45B1-93DB-5B8BAAF3D5B0}.Debug|x86.Build.0 = Debug|Any CPU
		{C8FAB759-65B1-45B1-93DB-5B8BAAF3D5B0}.Release|Android.ActiveCfg = Release|Any CPU
		{C8FAB759-65B1-45B1-93DB-5B8BAAF3D5B0}.Release|Android.Build.0 = Release|Any CPU
		{C8FAB759-65B1-45B1-93DB-5B8BAAF3D5B0}.Release|Any CPU.ActiveCfg = Release|Any CPU
		{C8FAB759-65B1-45B1-93DB-5B8BAAF3D5B0}.Release|Any CPU.Build.0 = Release|Any CPU
		{C8FAB759-65B1-45B1-93DB-5B8BAAF3D5B0}.Release|iOS.ActiveCfg = Release|Any CPU
		{C8FAB759-65B1-45B1-93DB-5B8BAAF3D5B0}.Release|iOS.Build.0 = Release|Any CPU
		{C8FAB759-65B1-45B1-93DB-5B8BAAF3D5B0}.Release|Windows Phone (Universal).ActiveCfg = Release|Any CPU
		{C8FAB759-65B1-45B1-93DB-5B8BAAF3D5B0}.Release|Windows Phone (Universal).Build.0 = Release|Any CPU
		{C8FAB759-65B1-45B1-93DB-5B8BAAF3D5B0}.Release|Windows Phone 8.ActiveCfg = Release|Any CPU
		{C8FAB759-65B1-45B1-93DB-5B8BAAF3D5B0}.Release|Windows Phone 8.Build.0 = Release|Any CPU
		{C8FAB759-65B1-45B1-93DB-5B8BAAF3D5B0}.Release|Windows-AnyCPU.ActiveCfg = Release|Any CPU
		{C8FAB759-65B1-45B1-93DB-5B8BAAF3D5B0}.Release|Windows-AnyCPU.Build.0 = Release|Any CPU
		{C8FAB759-65B1-45B1-93DB-5B8BAAF3D5B0}.Release|Windows-ARM.ActiveCfg = Release|Any CPU
		{C8FAB759-65B1-45B1-93DB-5B8BAAF3D5B0}.Release|Windows-ARM.Build.0 = Release|Any CPU
		{C8FAB759-65B1-45B1-93DB-5B8BAAF3D5B0}.Release|Windows-x64.ActiveCfg = Release|Any CPU
		{C8FAB759-65B1-45B1-93DB-5B8BAAF3D5B0}.Release|Windows-x64.Build.0 = Release|Any CPU
		{C8FAB759-65B1-45B1-93DB-5B8BAAF3D5B0}.Release|Windows-x86.ActiveCfg = Release|Any CPU
		{C8FAB759-65B1-45B1-93DB-5B8BAAF3D5B0}.Release|Windows-x86.Build.0 = Release|Any CPU
		{C8FAB759-65B1-45B1-93DB-5B8BAAF3D5B0}.Release|x86.ActiveCfg = Release|Any CPU
		{C8FAB759-65B1-45B1-93DB-5B8BAAF3D5B0}.Release|x86.Build.0 = Release|Any CPU
		{E5B35CB4-EFA3-4658-B321-825C5F28E1D5}.Debug|Android.ActiveCfg = Debug|Any CPU
		{E5B35CB4-EFA3-4658-B321-825C5F28E1D5}.Debug|Android.Build.0 = Debug|Any CPU
		{E5B35CB4-EFA3-4658-B321-825C5F28E1D5}.Debug|Any CPU.ActiveCfg = Debug|Any CPU
		{E5B35CB4-EFA3-4658-B321-825C5F28E1D5}.Debug|Any CPU.Build.0 = Debug|Any CPU
		{E5B35CB4-EFA3-4658-B321-825C5F28E1D5}.Debug|iOS.ActiveCfg = Debug|Any CPU
		{E5B35CB4-EFA3-4658-B321-825C5F28E1D5}.Debug|iOS.Build.0 = Debug|Any CPU
		{E5B35CB4-EFA3-4658-B321-825C5F28E1D5}.Debug|Windows Phone (Universal).ActiveCfg = Debug|Any CPU
		{E5B35CB4-EFA3-4658-B321-825C5F28E1D5}.Debug|Windows Phone (Universal).Build.0 = Debug|Any CPU
		{E5B35CB4-EFA3-4658-B321-825C5F28E1D5}.Debug|Windows Phone 8.ActiveCfg = Debug|Any CPU
		{E5B35CB4-EFA3-4658-B321-825C5F28E1D5}.Debug|Windows Phone 8.Build.0 = Debug|Any CPU
		{E5B35CB4-EFA3-4658-B321-825C5F28E1D5}.Debug|Windows-AnyCPU.ActiveCfg = Debug|Any CPU
		{E5B35CB4-EFA3-4658-B321-825C5F28E1D5}.Debug|Windows-AnyCPU.Build.0 = Debug|Any CPU
		{E5B35CB4-EFA3-4658-B321-825C5F28E1D5}.Debug|Windows-ARM.ActiveCfg = Debug|Any CPU
		{E5B35CB4-EFA3-4658-B321-825C5F28E1D5}.Debug|Windows-ARM.Build.0 = Debug|Any CPU
		{E5B35CB4-EFA3-4658-B321-825C5F28E1D5}.Debug|Windows-x64.ActiveCfg = Debug|Any CPU
		{E5B35CB4-EFA3-4658-B321-825C5F28E1D5}.Debug|Windows-x64.Build.0 = Debug|Any CPU
		{E5B35CB4-EFA3-4658-B321-825C5F28E1D5}.Debug|Windows-x86.ActiveCfg = Debug|Any CPU
		{E5B35CB4-EFA3-4658-B321-825C5F28E1D5}.Debug|Windows-x86.Build.0 = Debug|Any CPU
		{E5B35CB4-EFA3-4658-B321-825C5F28E1D5}.Debug|x86.ActiveCfg = Debug|Any CPU
		{E5B35CB4-EFA3-4658-B321-825C5F28E1D5}.Debug|x86.Build.0 = Debug|Any CPU
		{E5B35CB4-EFA3-4658-B321-825C5F28E1D5}.Release|Android.ActiveCfg = Release|Any CPU
		{E5B35CB4-EFA3-4658-B321-825C5F28E1D5}.Release|Android.Build.0 = Release|Any CPU
		{E5B35CB4-EFA3-4658-B321-825C5F28E1D5}.Release|Any CPU.ActiveCfg = Release|Any CPU
		{E5B35CB4-EFA3-4658-B321-825C5F28E1D5}.Release|Any CPU.Build.0 = Release|Any CPU
		{E5B35CB4-EFA3-4658-B321-825C5F28E1D5}.Release|iOS.ActiveCfg = Release|Any CPU
		{E5B35CB4-EFA3-4658-B321-825C5F28E1D5}.Release|iOS.Build.0 = Release|Any CPU
		{E5B35CB4-EFA3-4658-B321-825C5F28E1D5}.Release|Windows Phone (Universal).ActiveCfg = Release|Any CPU
		{E5B35CB4-EFA3-4658-B321-825C5F28E1D5}.Release|Windows Phone (Universal).Build.0 = Release|Any CPU
		{E5B35CB4-EFA3-4658-B321-825C5F28E1D5}.Release|Windows Phone 8.ActiveCfg = Release|Any CPU
		{E5B35CB4-EFA3-4658-B321-825C5F28E1D5}.Release|Windows Phone 8.Build.0 = Release|Any CPU
		{E5B35CB4-EFA3-4658-B321-825C5F28E1D5}.Release|Windows-AnyCPU.ActiveCfg = Release|Any CPU
		{E5B35CB4-EFA3-4658-B321-825C5F28E1D5}.Release|Windows-AnyCPU.Build.0 = Release|Any CPU
		{E5B35CB4-EFA3-4658-B321-825C5F28E1D5}.Release|Windows-ARM.ActiveCfg = Release|Any CPU
		{E5B35CB4-EFA3-4658-B321-825C5F28E1D5}.Release|Windows-ARM.Build.0 = Release|Any CPU
		{E5B35CB4-EFA3-4658-B321-825C5F28E1D5}.Release|Windows-x64.ActiveCfg = Release|Any CPU
		{E5B35CB4-EFA3-4658-B321-825C5F28E1D5}.Release|Windows-x64.Build.0 = Release|Any CPU
		{E5B35CB4-EFA3-4658-B321-825C5F28E1D5}.Release|Windows-x86.ActiveCfg = Release|Any CPU
		{E5B35CB4-EFA3-4658-B321-825C5F28E1D5}.Release|Windows-x86.Build.0 = Release|Any CPU
		{E5B35CB4-EFA3-4658-B321-825C5F28E1D5}.Release|x86.ActiveCfg = Release|Any CPU
		{E5B35CB4-EFA3-4658-B321-825C5F28E1D5}.Release|x86.Build.0 = Release|Any CPU
		{F01838FE-E464-4E46-9ADB-C5A973F1DF4A}.Debug|Android.ActiveCfg = Debug|Any CPU
		{F01838FE-E464-4E46-9ADB-C5A973F1DF4A}.Debug|Android.Build.0 = Debug|Any CPU
		{F01838FE-E464-4E46-9ADB-C5A973F1DF4A}.Debug|Any CPU.ActiveCfg = Debug|Any CPU
		{F01838FE-E464-4E46-9ADB-C5A973F1DF4A}.Debug|Any CPU.Build.0 = Debug|Any CPU
		{F01838FE-E464-4E46-9ADB-C5A973F1DF4A}.Debug|iOS.ActiveCfg = Debug|Any CPU
		{F01838FE-E464-4E46-9ADB-C5A973F1DF4A}.Debug|iOS.Build.0 = Debug|Any CPU
		{F01838FE-E464-4E46-9ADB-C5A973F1DF4A}.Debug|Windows Phone (Universal).ActiveCfg = Debug|Any CPU
		{F01838FE-E464-4E46-9ADB-C5A973F1DF4A}.Debug|Windows Phone (Universal).Build.0 = Debug|Any CPU
		{F01838FE-E464-4E46-9ADB-C5A973F1DF4A}.Debug|Windows Phone 8.ActiveCfg = Debug|Any CPU
		{F01838FE-E464-4E46-9ADB-C5A973F1DF4A}.Debug|Windows Phone 8.Build.0 = Debug|Any CPU
		{F01838FE-E464-4E46-9ADB-C5A973F1DF4A}.Debug|Windows-AnyCPU.ActiveCfg = Debug|Any CPU
		{F01838FE-E464-4E46-9ADB-C5A973F1DF4A}.Debug|Windows-AnyCPU.Build.0 = Debug|Any CPU
		{F01838FE-E464-4E46-9ADB-C5A973F1DF4A}.Debug|Windows-ARM.ActiveCfg = Debug|Any CPU
		{F01838FE-E464-4E46-9ADB-C5A973F1DF4A}.Debug|Windows-ARM.Build.0 = Debug|Any CPU
		{F01838FE-E464-4E46-9ADB-C5A973F1DF4A}.Debug|Windows-x64.ActiveCfg = Debug|Any CPU
		{F01838FE-E464-4E46-9ADB-C5A973F1DF4A}.Debug|Windows-x64.Build.0 = Debug|Any CPU
		{F01838FE-E464-4E46-9ADB-C5A973F1DF4A}.Debug|Windows-x86.ActiveCfg = Debug|Any CPU
		{F01838FE-E464-4E46-9ADB-C5A973F1DF4A}.Debug|Windows-x86.Build.0 = Debug|Any CPU
		{F01838FE-E464-4E46-9ADB-C5A973F1DF4A}.Debug|x86.ActiveCfg = Debug|Any CPU
		{F01838FE-E464-4E46-9ADB-C5A973F1DF4A}.Debug|x86.Build.0 = Debug|Any CPU
		{F01838FE-E464-4E46-9ADB-C5A973F1DF4A}.Release|Android.ActiveCfg = Release|Any CPU
		{F01838FE-E464-4E46-9ADB-C5A973F1DF4A}.Release|Android.Build.0 = Release|Any CPU
		{F01838FE-E464-4E46-9ADB-C5A973F1DF4A}.Release|Any CPU.ActiveCfg = Release|Any CPU
		{F01838FE-E464-4E46-9ADB-C5A973F1DF4A}.Release|Any CPU.Build.0 = Release|Any CPU
		{F01838FE-E464-4E46-9ADB-C5A973F1DF4A}.Release|iOS.ActiveCfg = Release|Any CPU
		{F01838FE-E464-4E46-9ADB-C5A973F1DF4A}.Release|iOS.Build.0 = Release|Any CPU
		{F01838FE-E464-4E46-9ADB-C5A973F1DF4A}.Release|Windows Phone (Universal).ActiveCfg = Release|Any CPU
		{F01838FE-E464-4E46-9ADB-C5A973F1DF4A}.Release|Windows Phone (Universal).Build.0 = Release|Any CPU
		{F01838FE-E464-4E46-9ADB-C5A973F1DF4A}.Release|Windows Phone 8.ActiveCfg = Release|Any CPU
		{F01838FE-E464-4E46-9ADB-C5A973F1DF4A}.Release|Windows Phone 8.Build.0 = Release|Any CPU
		{F01838FE-E464-4E46-9ADB-C5A973F1DF4A}.Release|Windows-AnyCPU.ActiveCfg = Release|Any CPU
		{F01838FE-E464-4E46-9ADB-C5A973F1DF4A}.Release|Windows-AnyCPU.Build.0 = Release|Any CPU
		{F01838FE-E464-4E46-9ADB-C5A973F1DF4A}.Release|Windows-ARM.ActiveCfg = Release|Any CPU
		{F01838FE-E464-4E46-9ADB-C5A973F1DF4A}.Release|Windows-ARM.Build.0 = Release|Any CPU
		{F01838FE-E464-4E46-9ADB-C5A973F1DF4A}.Release|Windows-x64.ActiveCfg = Release|Any CPU
		{F01838FE-E464-4E46-9ADB-C5A973F1DF4A}.Release|Windows-x64.Build.0 = Release|Any CPU
		{F01838FE-E464-4E46-9ADB-C5A973F1DF4A}.Release|Windows-x86.ActiveCfg = Release|Any CPU
		{F01838FE-E464-4E46-9ADB-C5A973F1DF4A}.Release|Windows-x86.Build.0 = Release|Any CPU
		{F01838FE-E464-4E46-9ADB-C5A973F1DF4A}.Release|x86.ActiveCfg = Release|Any CPU
		{F01838FE-E464-4E46-9ADB-C5A973F1DF4A}.Release|x86.Build.0 = Release|Any CPU
		{D785CBB3-A54E-474A-9B9D-E7212ECCF35A}.Debug|Android.ActiveCfg = Debug|Any CPU
		{D785CBB3-A54E-474A-9B9D-E7212ECCF35A}.Debug|Android.Build.0 = Debug|Any CPU
		{D785CBB3-A54E-474A-9B9D-E7212ECCF35A}.Debug|Android.Deploy.0 = Debug|Any CPU
		{D785CBB3-A54E-474A-9B9D-E7212ECCF35A}.Debug|Any CPU.ActiveCfg = Debug|Any CPU
		{D785CBB3-A54E-474A-9B9D-E7212ECCF35A}.Debug|Any CPU.Build.0 = Debug|Any CPU
		{D785CBB3-A54E-474A-9B9D-E7212ECCF35A}.Debug|Any CPU.Deploy.0 = Debug|Any CPU
		{D785CBB3-A54E-474A-9B9D-E7212ECCF35A}.Debug|iOS.ActiveCfg = Debug|Any CPU
		{D785CBB3-A54E-474A-9B9D-E7212ECCF35A}.Debug|iOS.Build.0 = Debug|Any CPU
		{D785CBB3-A54E-474A-9B9D-E7212ECCF35A}.Debug|iOS.Deploy.0 = Debug|Any CPU
		{D785CBB3-A54E-474A-9B9D-E7212ECCF35A}.Debug|Windows Phone (Universal).ActiveCfg = Debug|Any CPU
		{D785CBB3-A54E-474A-9B9D-E7212ECCF35A}.Debug|Windows Phone (Universal).Build.0 = Debug|Any CPU
		{D785CBB3-A54E-474A-9B9D-E7212ECCF35A}.Debug|Windows Phone (Universal).Deploy.0 = Debug|Any CPU
		{D785CBB3-A54E-474A-9B9D-E7212ECCF35A}.Debug|Windows Phone 8.ActiveCfg = Debug|Any CPU
		{D785CBB3-A54E-474A-9B9D-E7212ECCF35A}.Debug|Windows Phone 8.Build.0 = Debug|Any CPU
		{D785CBB3-A54E-474A-9B9D-E7212ECCF35A}.Debug|Windows Phone 8.Deploy.0 = Debug|Any CPU
		{D785CBB3-A54E-474A-9B9D-E7212ECCF35A}.Debug|Windows-AnyCPU.ActiveCfg = Debug|Any CPU
		{D785CBB3-A54E-474A-9B9D-E7212ECCF35A}.Debug|Windows-AnyCPU.Build.0 = Debug|Any CPU
		{D785CBB3-A54E-474A-9B9D-E7212ECCF35A}.Debug|Windows-AnyCPU.Deploy.0 = Debug|Any CPU
		{D785CBB3-A54E-474A-9B9D-E7212ECCF35A}.Debug|Windows-ARM.ActiveCfg = Debug|Any CPU
		{D785CBB3-A54E-474A-9B9D-E7212ECCF35A}.Debug|Windows-ARM.Build.0 = Debug|Any CPU
		{D785CBB3-A54E-474A-9B9D-E7212ECCF35A}.Debug|Windows-ARM.Deploy.0 = Debug|Any CPU
		{D785CBB3-A54E-474A-9B9D-E7212ECCF35A}.Debug|Windows-x64.ActiveCfg = Debug|Any CPU
		{D785CBB3-A54E-474A-9B9D-E7212ECCF35A}.Debug|Windows-x64.Build.0 = Debug|Any CPU
		{D785CBB3-A54E-474A-9B9D-E7212ECCF35A}.Debug|Windows-x64.Deploy.0 = Debug|Any CPU
		{D785CBB3-A54E-474A-9B9D-E7212ECCF35A}.Debug|Windows-x86.ActiveCfg = Debug|Any CPU
		{D785CBB3-A54E-474A-9B9D-E7212ECCF35A}.Debug|Windows-x86.Build.0 = Debug|Any CPU
		{D785CBB3-A54E-474A-9B9D-E7212ECCF35A}.Debug|Windows-x86.Deploy.0 = Debug|Any CPU
		{D785CBB3-A54E-474A-9B9D-E7212ECCF35A}.Debug|x86.ActiveCfg = Debug|Any CPU
		{D785CBB3-A54E-474A-9B9D-E7212ECCF35A}.Debug|x86.Build.0 = Debug|Any CPU
		{D785CBB3-A54E-474A-9B9D-E7212ECCF35A}.Debug|x86.Deploy.0 = Debug|Any CPU
		{D785CBB3-A54E-474A-9B9D-E7212ECCF35A}.Release|Android.ActiveCfg = Release|Any CPU
		{D785CBB3-A54E-474A-9B9D-E7212ECCF35A}.Release|Android.Build.0 = Release|Any CPU
		{D785CBB3-A54E-474A-9B9D-E7212ECCF35A}.Release|Android.Deploy.0 = Release|Any CPU
		{D785CBB3-A54E-474A-9B9D-E7212ECCF35A}.Release|Any CPU.ActiveCfg = Release|Any CPU
		{D785CBB3-A54E-474A-9B9D-E7212ECCF35A}.Release|Any CPU.Build.0 = Release|Any CPU
		{D785CBB3-A54E-474A-9B9D-E7212ECCF35A}.Release|Any CPU.Deploy.0 = Release|Any CPU
		{D785CBB3-A54E-474A-9B9D-E7212ECCF35A}.Release|iOS.ActiveCfg = Release|Any CPU
		{D785CBB3-A54E-474A-9B9D-E7212ECCF35A}.Release|iOS.Build.0 = Release|Any CPU
		{D785CBB3-A54E-474A-9B9D-E7212ECCF35A}.Release|iOS.Deploy.0 = Release|Any CPU
		{D785CBB3-A54E-474A-9B9D-E7212ECCF35A}.Release|Windows Phone (Universal).ActiveCfg = Release|Any CPU
		{D785CBB3-A54E-474A-9B9D-E7212ECCF35A}.Release|Windows Phone (Universal).Build.0 = Release|Any CPU
		{D785CBB3-A54E-474A-9B9D-E7212ECCF35A}.Release|Windows Phone (Universal).Deploy.0 = Release|Any CPU
		{D785CBB3-A54E-474A-9B9D-E7212ECCF35A}.Release|Windows Phone 8.ActiveCfg = Release|Any CPU
		{D785CBB3-A54E-474A-9B9D-E7212ECCF35A}.Release|Windows Phone 8.Build.0 = Release|Any CPU
		{D785CBB3-A54E-474A-9B9D-E7212ECCF35A}.Release|Windows Phone 8.Deploy.0 = Release|Any CPU
		{D785CBB3-A54E-474A-9B9D-E7212ECCF35A}.Release|Windows-AnyCPU.ActiveCfg = Release|Any CPU
		{D785CBB3-A54E-474A-9B9D-E7212ECCF35A}.Release|Windows-AnyCPU.Build.0 = Release|Any CPU
		{D785CBB3-A54E-474A-9B9D-E7212ECCF35A}.Release|Windows-AnyCPU.Deploy.0 = Release|Any CPU
		{D785CBB3-A54E-474A-9B9D-E7212ECCF35A}.Release|Windows-ARM.ActiveCfg = Release|Any CPU
		{D785CBB3-A54E-474A-9B9D-E7212ECCF35A}.Release|Windows-ARM.Build.0 = Release|Any CPU
		{D785CBB3-A54E-474A-9B9D-E7212ECCF35A}.Release|Windows-ARM.Deploy.0 = Release|Any CPU
		{D785CBB3-A54E-474A-9B9D-E7212ECCF35A}.Release|Windows-x64.ActiveCfg = Release|Any CPU
		{D785CBB3-A54E-474A-9B9D-E7212ECCF35A}.Release|Windows-x64.Build.0 = Release|Any CPU
		{D785CBB3-A54E-474A-9B9D-E7212ECCF35A}.Release|Windows-x64.Deploy.0 = Release|Any CPU
		{D785CBB3-A54E-474A-9B9D-E7212ECCF35A}.Release|Windows-x86.ActiveCfg = Release|Any CPU
		{D785CBB3-A54E-474A-9B9D-E7212ECCF35A}.Release|Windows-x86.Build.0 = Release|Any CPU
		{D785CBB3-A54E-474A-9B9D-E7212ECCF35A}.Release|Windows-x86.Deploy.0 = Release|Any CPU
		{D785CBB3-A54E-474A-9B9D-E7212ECCF35A}.Release|x86.ActiveCfg = Release|Any CPU
		{D785CBB3-A54E-474A-9B9D-E7212ECCF35A}.Release|x86.Build.0 = Release|Any CPU
		{D785CBB3-A54E-474A-9B9D-E7212ECCF35A}.Release|x86.Deploy.0 = Release|Any CPU
	EndGlobalSection
	GlobalSection(SolutionProperties) = preSolution
		HideSolutionNode = FALSE
	EndGlobalSection
	GlobalSection(NestedProjects) = preSolution
		{D93A1EB6-28B7-44CB-B115-DEF0EFDCDC39} = {C7E21394-64B0-40FC-ACBE-412D582861C1}
		{3327E251-B5A1-4115-A4AD-5147D59B04A9} = {C7E21394-64B0-40FC-ACBE-412D582861C1}
		{3BE2CC24-63C9-4B37-8880-95385C5DFBD1} = {3327E251-B5A1-4115-A4AD-5147D59B04A9}
		{E6AF7F82-C3BD-4BB0-A5A7-FA4A0252F73C} = {D90B5B3B-D904-4A50-86CF-1F73E783E6C8}
		{46AB9CA3-B0E5-4651-A096-355115A6AFAE} = {5E0A642D-7EC1-4174-B203-2C9684FDDBB4}
		{FF34BCD5-A05D-477A-9618-499EA94D9AAA} = {5E0A642D-7EC1-4174-B203-2C9684FDDBB4}
		{EEF943A8-AE56-4E48-97EA-23EF825B8C8F} = {0A31B13F-4364-4444-BFEB-F57E20E7456E}
		{D8A015EB-3CD1-4883-9462-5D81A5400110} = {5205F388-24BD-45FA-9DA7-5D705B3033CC}
		{4E487C85-D46E-46EA-ADF7-A4E5C0E30446} = {5205F388-24BD-45FA-9DA7-5D705B3033CC}
		{C8FAB759-65B1-45B1-93DB-5B8BAAF3D5B0} = {65036C4D-D88F-4B5F-8384-5C6CEE66B3DC}
		{E5B35CB4-EFA3-4658-B321-825C5F28E1D5} = {65036C4D-D88F-4B5F-8384-5C6CEE66B3DC}
		{F01838FE-E464-4E46-9ADB-C5A973F1DF4A} = {5E0A642D-7EC1-4174-B203-2C9684FDDBB4}
		{D785CBB3-A54E-474A-9B9D-E7212ECCF35A} = {5205F388-24BD-45FA-9DA7-5D705B3033CC}
	EndGlobalSection
	GlobalSection(ExtensibilityGlobals) = postSolution
		SolutionGuid = {8F261AAB-03C6-4B6D-85E9-01FC8112518A}
	EndGlobalSection
EndGlobal
